
Microsoft Visual Studio Solution File, Format Version 12.00
# Visual Studio Version 17
VisualStudioVersion = 17.1.32407.343
MinimumVisualStudioVersion = 10.0.40219.1
Project("{2150E333-8FDC-42A3-9474-1A3956D46DE8}") = "5.framework", "5.framework", "{DE49CCE6-B41E-493A-ADCC-EA6075DD0038}"
EndProject
Project("{2150E333-8FDC-42A3-9474-1A3956D46DE8}") = "entityframeworkcore", "entityframeworkcore", "{91CD3C81-AA29-47C7-B654-901872880B63}"
EndProject
Project("{2150E333-8FDC-42A3-9474-1A3956D46DE8}") = "4.test", "4.test", "{A8B88674-0FB1-4FF0-945E-7A2EF4E66917}"
EndProject
Project("{9A19103F-16F7-4668-BE54-9A1E7A4F7556}") = "Luck.UnitTest", "test\Luck.UnitTest\Luck.UnitTest.csproj", "{475214E2-BBD6-4998-B3D8-DE1077A02230}"
EndProject
Project("{2150E333-8FDC-42A3-9474-1A3956D46DE8}") = "3.samples", "3.samples", "{13E5CA19-5655-4C7E-8421-5C6724793CC8}"
EndProject
Project("{9A19103F-16F7-4668-BE54-9A1E7A4F7556}") = "Module.Sample", "sample\Module.Sample\Module.Sample.csproj", "{D927B437-5335-41E3-957A-545F001C9333}"
EndProject
Project("{9A19103F-16F7-4668-BE54-9A1E7A4F7556}") = "Luck.Framework", "src\framework\Luck.Framework\Luck.Framework.csproj", "{4691C9DA-7CB4-487A-96A9-9CF3DA3586A6}"
EndProject
Project("{9A19103F-16F7-4668-BE54-9A1E7A4F7556}") = "Luck.TestBase", "src\framework\Luck.TestBase\Luck.TestBase.csproj", "{FDA911F3-B201-4C7F-BD82-FBB7691EE5C9}"
EndProject
Project("{9A19103F-16F7-4668-BE54-9A1E7A4F7556}") = "Luck.EntityFrameworkCore", "src\framework\Luck.EntityFrameworkCore\Luck.EntityFrameworkCore.csproj", "{59803D76-90B4-4290-9F61-0CDF8123ECC2}"
EndProject
Project("{9A19103F-16F7-4668-BE54-9A1E7A4F7556}") = "Luck.DDD.Domain", "src\framework\Luck.DDD.Domain\Luck.DDD.Domain.csproj", "{77ABBB6C-ACB8-4626-B48F-761D69160EEA}"
EndProject
Project("{9A19103F-16F7-4668-BE54-9A1E7A4F7556}") = "Luck.Redis.StackExchange", "src\framework\Luck.Redis.StackExchange\Luck.Redis.StackExchange.csproj", "{AE2000C1-A5BE-4804-88DC-26B3BCE71EF5}"
EndProject
Project("{9A19103F-16F7-4668-BE54-9A1E7A4F7556}") = "Luck.AspNetCore", "src\framework\Luck.AspNetCore\Luck.AspNetCore.csproj", "{46118D89-703B-4CC8-9A7C-824F6AA930C3}"
EndProject
Project("{2150E333-8FDC-42A3-9474-1A3956D46DE8}") = "0.Solution Items", "0.Solution Items", "{7A15866E-8E80-4602-BFF5-5865B63ED086}"
	ProjectSection(SolutionItems) = preProject
		src\common.props = src\common.props
		README.md = README.md
		Directory.Build.props = Directory.Build.props
		.github\workflows\dotnet-format.yml = .github\workflows\dotnet-format.yml
	EndProjectSection
EndProject
Project("{9A19103F-16F7-4668-BE54-9A1E7A4F7556}") = "Luck.EventBus.RabbitMQ", "src\framework\Luck.EventBus.RabbitMQ\Luck.EventBus.RabbitMQ.csproj", "{79FEBCDD-AED6-4FEA-AD14-EF34DDE22905}"
EndProject
Project("{9A19103F-16F7-4668-BE54-9A1E7A4F7556}") = "Luck.EntityFrameworkCore.MySQL", "src\framework\Luck.EntityFrameworkCore.MySQL\Luck.EntityFrameworkCore.MySQL.csproj", "{3338F84E-3C6E-4E57-A510-099A299A3ADE}"
EndProject
Project("{9A19103F-16F7-4668-BE54-9A1E7A4F7556}") = "Luck.EntityFrameworkCore.PostgreSQL", "src\framework\Luck.EntityFrameworkCore.PostgreSQL\Luck.EntityFrameworkCore.PostgreSQL.csproj", "{DCFD80D6-5BD9-4CE4-AF25-BC41496AE21D}"
EndProject
Project("{9A19103F-16F7-4668-BE54-9A1E7A4F7556}") = "Luck.Dapper", "src\framework\Luck.Dapper\Luck.Dapper.csproj", "{C7309D5A-53AE-4370-9AD3-750F71CFF75F}"
EndProject
Project("{2150E333-8FDC-42A3-9474-1A3956D46DE8}") = "distributedeventbus", "distributedeventbus", "{5779CF18-7FD7-434D-B47A-1C8A50A3E5A4}"
EndProject
Project("{2150E333-8FDC-42A3-9474-1A3956D46DE8}") = "dapper", "dapper", "{4D43CDDA-1370-4BD8-ACBC-711CFB207F9F}"
EndProject
Project("{2150E333-8FDC-42A3-9474-1A3956D46DE8}") = "test", "test", "{CF0AE449-47C5-4C1A-9B58-8292CC33C930}"
EndProject
Project("{9A19103F-16F7-4668-BE54-9A1E7A4F7556}") = "Luck.Dapper.ClickHouse", "src\framework\Luck.Dapper.ClickHouse\Luck.Dapper.ClickHouse.csproj", "{ABD3DD2E-8638-4702-8DC5-0C46317B54FC}"
EndProject
Project("{2150E333-8FDC-42A3-9474-1A3956D46DE8}") = "opentelemetry", "opentelemetry", "{AF2355A8-C9E7-412F-B7CB-B650653AA925}"
EndProject
Project("{9A19103F-16F7-4668-BE54-9A1E7A4F7556}") = "Luck.Opentelemetry", "src\Luck.Opentelemetry\Luck.Opentelemetry.csproj", "{0C3030BD-BC2B-4222-B331-0AF344930634}"
EndProject
Project("{2150E333-8FDC-42A3-9474-1A3956D46DE8}") = "logger", "logger", "{A27A7138-ED48-48AD-8F34-E5A19D4FBBA3}"
EndProject
Project("{9A19103F-16F7-4668-BE54-9A1E7A4F7556}") = "Luck.Dove.Logging", "src\Luck.Dove.Logging\Luck.Dove.Logging.csproj", "{1783B816-AC33-42AC-AD9D-4F8A1B44E6AE}"
EndProject
Project("{2150E333-8FDC-42A3-9474-1A3956D46DE8}") = "cache", "cache", "{7D32BAB2-8817-425F-816F-403F1A2E1566}"
EndProject
Project("{2150E333-8FDC-42A3-9474-1A3956D46DE8}") = "mongodb", "mongodb", "{50FF08B1-264C-40B1-BA12-91A57B3C896D}"
EndProject
Project("{9A19103F-16F7-4668-BE54-9A1E7A4F7556}") = "Luck.MongoDB", "src\framework\Luck.MongoDB\Luck.MongoDB.csproj", "{2893A93A-E580-4137-8229-BEB5EACA86E8}"
EndProject
Project("{FAE04EC0-301F-11D3-BF4B-00C04F79EFBC}") = "Luck.AppModule", "src\framework\Luck.AppModule\Luck.AppModule.csproj", "{CD68536D-E0DF-44E0-9243-14E9A44DCF07}"
EndProject
Project("{FAE04EC0-301F-11D3-BF4B-00C04F79EFBC}") = "Luck.AutoDependencyInjection", "src\framework\Luck.AutoDependencyInjection\Luck.AutoDependencyInjection.csproj", "{404C5BB1-243A-4BB8-8FFF-740A2A5A1F5C}"
EndProject
Project("{FAE04EC0-301F-11D3-BF4B-00C04F79EFBC}") = "Luck.EventBus.Kafka", "src\framework\Luck.EventBus.Kafka\Luck.EventBus.Kafka.csproj", "{9876D845-5C04-4B04-84A0-A57148253666}"
EndProject
Project("{FAE04EC0-301F-11D3-BF4B-00C04F79EFBC}") = "Luck.EntityFrameworkCore.MemoryDataBase", "src\framework\Luck.EntityFrameworkCore.MemoryDataBase\Luck.EntityFrameworkCore.MemoryDataBase.csproj", "{F9E8F6FF-B571-4EFB-A06D-2201236D9B07}"
EndProject
Global
	GlobalSection(SolutionConfigurationPlatforms) = preSolution
		Debug|Any CPU = Debug|Any CPU
		Release|Any CPU = Release|Any CPU
	EndGlobalSection
	GlobalSection(ProjectConfigurationPlatforms) = postSolution
		{475214E2-BBD6-4998-B3D8-DE1077A02230}.Debug|Any CPU.ActiveCfg = Debug|Any CPU
		{475214E2-BBD6-4998-B3D8-DE1077A02230}.Debug|Any CPU.Build.0 = Debug|Any CPU
		{475214E2-BBD6-4998-B3D8-DE1077A02230}.Release|Any CPU.ActiveCfg = Release|Any CPU
		{475214E2-BBD6-4998-B3D8-DE1077A02230}.Release|Any CPU.Build.0 = Release|Any CPU
		{D927B437-5335-41E3-957A-545F001C9333}.Debug|Any CPU.ActiveCfg = Debug|Any CPU
		{D927B437-5335-41E3-957A-545F001C9333}.Debug|Any CPU.Build.0 = Debug|Any CPU
		{D927B437-5335-41E3-957A-545F001C9333}.Release|Any CPU.ActiveCfg = Release|Any CPU
		{D927B437-5335-41E3-957A-545F001C9333}.Release|Any CPU.Build.0 = Release|Any CPU
		{4691C9DA-7CB4-487A-96A9-9CF3DA3586A6}.Debug|Any CPU.ActiveCfg = Debug|Any CPU
		{4691C9DA-7CB4-487A-96A9-9CF3DA3586A6}.Debug|Any CPU.Build.0 = Debug|Any CPU
		{4691C9DA-7CB4-487A-96A9-9CF3DA3586A6}.Release|Any CPU.ActiveCfg = Release|Any CPU
		{4691C9DA-7CB4-487A-96A9-9CF3DA3586A6}.Release|Any CPU.Build.0 = Release|Any CPU
		{FDA911F3-B201-4C7F-BD82-FBB7691EE5C9}.Debug|Any CPU.ActiveCfg = Debug|Any CPU
		{FDA911F3-B201-4C7F-BD82-FBB7691EE5C9}.Debug|Any CPU.Build.0 = Debug|Any CPU
		{FDA911F3-B201-4C7F-BD82-FBB7691EE5C9}.Release|Any CPU.ActiveCfg = Release|Any CPU
		{FDA911F3-B201-4C7F-BD82-FBB7691EE5C9}.Release|Any CPU.Build.0 = Release|Any CPU
		{59803D76-90B4-4290-9F61-0CDF8123ECC2}.Debug|Any CPU.ActiveCfg = Debug|Any CPU
		{59803D76-90B4-4290-9F61-0CDF8123ECC2}.Debug|Any CPU.Build.0 = Debug|Any CPU
		{59803D76-90B4-4290-9F61-0CDF8123ECC2}.Release|Any CPU.ActiveCfg = Release|Any CPU
		{59803D76-90B4-4290-9F61-0CDF8123ECC2}.Release|Any CPU.Build.0 = Release|Any CPU
		{77ABBB6C-ACB8-4626-B48F-761D69160EEA}.Debug|Any CPU.ActiveCfg = Debug|Any CPU
		{77ABBB6C-ACB8-4626-B48F-761D69160EEA}.Debug|Any CPU.Build.0 = Debug|Any CPU
		{77ABBB6C-ACB8-4626-B48F-761D69160EEA}.Release|Any CPU.ActiveCfg = Release|Any CPU
		{77ABBB6C-ACB8-4626-B48F-761D69160EEA}.Release|Any CPU.Build.0 = Release|Any CPU
		{AE2000C1-A5BE-4804-88DC-26B3BCE71EF5}.Debug|Any CPU.ActiveCfg = Debug|Any CPU
		{AE2000C1-A5BE-4804-88DC-26B3BCE71EF5}.Debug|Any CPU.Build.0 = Debug|Any CPU
		{AE2000C1-A5BE-4804-88DC-26B3BCE71EF5}.Release|Any CPU.ActiveCfg = Release|Any CPU
		{AE2000C1-A5BE-4804-88DC-26B3BCE71EF5}.Release|Any CPU.Build.0 = Release|Any CPU
		{46118D89-703B-4CC8-9A7C-824F6AA930C3}.Debug|Any CPU.ActiveCfg = Debug|Any CPU
		{46118D89-703B-4CC8-9A7C-824F6AA930C3}.Debug|Any CPU.Build.0 = Debug|Any CPU
		{46118D89-703B-4CC8-9A7C-824F6AA930C3}.Release|Any CPU.ActiveCfg = Release|Any CPU
		{46118D89-703B-4CC8-9A7C-824F6AA930C3}.Release|Any CPU.Build.0 = Release|Any CPU
		{79FEBCDD-AED6-4FEA-AD14-EF34DDE22905}.Debug|Any CPU.ActiveCfg = Debug|Any CPU
		{79FEBCDD-AED6-4FEA-AD14-EF34DDE22905}.Debug|Any CPU.Build.0 = Debug|Any CPU
		{79FEBCDD-AED6-4FEA-AD14-EF34DDE22905}.Release|Any CPU.ActiveCfg = Release|Any CPU
		{79FEBCDD-AED6-4FEA-AD14-EF34DDE22905}.Release|Any CPU.Build.0 = Release|Any CPU
		{3338F84E-3C6E-4E57-A510-099A299A3ADE}.Debug|Any CPU.ActiveCfg = Debug|Any CPU
		{3338F84E-3C6E-4E57-A510-099A299A3ADE}.Debug|Any CPU.Build.0 = Debug|Any CPU
		{3338F84E-3C6E-4E57-A510-099A299A3ADE}.Release|Any CPU.ActiveCfg = Release|Any CPU
		{3338F84E-3C6E-4E57-A510-099A299A3ADE}.Release|Any CPU.Build.0 = Release|Any CPU
		{DCFD80D6-5BD9-4CE4-AF25-BC41496AE21D}.Debug|Any CPU.ActiveCfg = Debug|Any CPU
		{DCFD80D6-5BD9-4CE4-AF25-BC41496AE21D}.Debug|Any CPU.Build.0 = Debug|Any CPU
		{DCFD80D6-5BD9-4CE4-AF25-BC41496AE21D}.Release|Any CPU.ActiveCfg = Release|Any CPU
		{DCFD80D6-5BD9-4CE4-AF25-BC41496AE21D}.Release|Any CPU.Build.0 = Release|Any CPU
		{C7309D5A-53AE-4370-9AD3-750F71CFF75F}.Debug|Any CPU.ActiveCfg = Debug|Any CPU
		{C7309D5A-53AE-4370-9AD3-750F71CFF75F}.Debug|Any CPU.Build.0 = Debug|Any CPU
		{C7309D5A-53AE-4370-9AD3-750F71CFF75F}.Release|Any CPU.ActiveCfg = Release|Any CPU
		{C7309D5A-53AE-4370-9AD3-750F71CFF75F}.Release|Any CPU.Build.0 = Release|Any CPU
		{ABD3DD2E-8638-4702-8DC5-0C46317B54FC}.Debug|Any CPU.ActiveCfg = Debug|Any CPU
		{ABD3DD2E-8638-4702-8DC5-0C46317B54FC}.Debug|Any CPU.Build.0 = Debug|Any CPU
		{ABD3DD2E-8638-4702-8DC5-0C46317B54FC}.Release|Any CPU.ActiveCfg = Release|Any CPU
		{ABD3DD2E-8638-4702-8DC5-0C46317B54FC}.Release|Any CPU.Build.0 = Release|Any CPU
		{0C3030BD-BC2B-4222-B331-0AF344930634}.Debug|Any CPU.ActiveCfg = Debug|Any CPU
		{0C3030BD-BC2B-4222-B331-0AF344930634}.Debug|Any CPU.Build.0 = Debug|Any CPU
		{0C3030BD-BC2B-4222-B331-0AF344930634}.Release|Any CPU.ActiveCfg = Release|Any CPU
		{0C3030BD-BC2B-4222-B331-0AF344930634}.Release|Any CPU.Build.0 = Release|Any CPU
		{1783B816-AC33-42AC-AD9D-4F8A1B44E6AE}.Debug|Any CPU.ActiveCfg = Debug|Any CPU
		{1783B816-AC33-42AC-AD9D-4F8A1B44E6AE}.Debug|Any CPU.Build.0 = Debug|Any CPU
		{1783B816-AC33-42AC-AD9D-4F8A1B44E6AE}.Release|Any CPU.ActiveCfg = Release|Any CPU
		{1783B816-AC33-42AC-AD9D-4F8A1B44E6AE}.Release|Any CPU.Build.0 = Release|Any CPU
		{2893A93A-E580-4137-8229-BEB5EACA86E8}.Debug|Any CPU.ActiveCfg = Debug|Any CPU
		{2893A93A-E580-4137-8229-BEB5EACA86E8}.Debug|Any CPU.Build.0 = Debug|Any CPU
		{2893A93A-E580-4137-8229-BEB5EACA86E8}.Release|Any CPU.ActiveCfg = Release|Any CPU
		{2893A93A-E580-4137-8229-BEB5EACA86E8}.Release|Any CPU.Build.0 = Release|Any CPU
		{CD68536D-E0DF-44E0-9243-14E9A44DCF07}.Debug|Any CPU.ActiveCfg = Debug|Any CPU
		{CD68536D-E0DF-44E0-9243-14E9A44DCF07}.Debug|Any CPU.Build.0 = Debug|Any CPU
		{CD68536D-E0DF-44E0-9243-14E9A44DCF07}.Release|Any CPU.ActiveCfg = Release|Any CPU
		{CD68536D-E0DF-44E0-9243-14E9A44DCF07}.Release|Any CPU.Build.0 = Release|Any CPU
		{404C5BB1-243A-4BB8-8FFF-740A2A5A1F5C}.Debug|Any CPU.ActiveCfg = Debug|Any CPU
		{404C5BB1-243A-4BB8-8FFF-740A2A5A1F5C}.Debug|Any CPU.Build.0 = Debug|Any CPU
		{404C5BB1-243A-4BB8-8FFF-740A2A5A1F5C}.Release|Any CPU.ActiveCfg = Release|Any CPU
		{404C5BB1-243A-4BB8-8FFF-740A2A5A1F5C}.Release|Any CPU.Build.0 = Release|Any CPU
		{9876D845-5C04-4B04-84A0-A57148253666}.Debug|Any CPU.ActiveCfg = Debug|Any CPU
		{9876D845-5C04-4B04-84A0-A57148253666}.Debug|Any CPU.Build.0 = Debug|Any CPU
		{9876D845-5C04-4B04-84A0-A57148253666}.Release|Any CPU.ActiveCfg = Release|Any CPU
		{9876D845-5C04-4B04-84A0-A57148253666}.Release|Any CPU.Build.0 = Release|Any CPU
		{F9E8F6FF-B571-4EFB-A06D-2201236D9B07}.Debug|Any CPU.ActiveCfg = Debug|Any CPU
		{F9E8F6FF-B571-4EFB-A06D-2201236D9B07}.Debug|Any CPU.Build.0 = Debug|Any CPU
		{F9E8F6FF-B571-4EFB-A06D-2201236D9B07}.Release|Any CPU.ActiveCfg = Release|Any CPU
		{F9E8F6FF-B571-4EFB-A06D-2201236D9B07}.Release|Any CPU.Build.0 = Release|Any CPU
	EndGlobalSection
	GlobalSection(SolutionProperties) = preSolution
		HideSolutionNode = FALSE
	EndGlobalSection
	GlobalSection(NestedProjects) = preSolution
		{91CD3C81-AA29-47C7-B654-901872880B63} = {DE49CCE6-B41E-493A-ADCC-EA6075DD0038}
		{475214E2-BBD6-4998-B3D8-DE1077A02230} = {A8B88674-0FB1-4FF0-945E-7A2EF4E66917}
		{D927B437-5335-41E3-957A-545F001C9333} = {13E5CA19-5655-4C7E-8421-5C6724793CC8}
		{4691C9DA-7CB4-487A-96A9-9CF3DA3586A6} = {DE49CCE6-B41E-493A-ADCC-EA6075DD0038}
		{FDA911F3-B201-4C7F-BD82-FBB7691EE5C9} = {CF0AE449-47C5-4C1A-9B58-8292CC33C930}
		{59803D76-90B4-4290-9F61-0CDF8123ECC2} = {91CD3C81-AA29-47C7-B654-901872880B63}
		{77ABBB6C-ACB8-4626-B48F-761D69160EEA} = {DE49CCE6-B41E-493A-ADCC-EA6075DD0038}
		{AE2000C1-A5BE-4804-88DC-26B3BCE71EF5} = {7D32BAB2-8817-425F-816F-403F1A2E1566}
		{46118D89-703B-4CC8-9A7C-824F6AA930C3} = {DE49CCE6-B41E-493A-ADCC-EA6075DD0038}
		{79FEBCDD-AED6-4FEA-AD14-EF34DDE22905} = {5779CF18-7FD7-434D-B47A-1C8A50A3E5A4}
		{3338F84E-3C6E-4E57-A510-099A299A3ADE} = {91CD3C81-AA29-47C7-B654-901872880B63}
		{DCFD80D6-5BD9-4CE4-AF25-BC41496AE21D} = {91CD3C81-AA29-47C7-B654-901872880B63}
		{C7309D5A-53AE-4370-9AD3-750F71CFF75F} = {4D43CDDA-1370-4BD8-ACBC-711CFB207F9F}
		{5779CF18-7FD7-434D-B47A-1C8A50A3E5A4} = {DE49CCE6-B41E-493A-ADCC-EA6075DD0038}
		{4D43CDDA-1370-4BD8-ACBC-711CFB207F9F} = {DE49CCE6-B41E-493A-ADCC-EA6075DD0038}
		{CF0AE449-47C5-4C1A-9B58-8292CC33C930} = {DE49CCE6-B41E-493A-ADCC-EA6075DD0038}
		{ABD3DD2E-8638-4702-8DC5-0C46317B54FC} = {4D43CDDA-1370-4BD8-ACBC-711CFB207F9F}
		{AF2355A8-C9E7-412F-B7CB-B650653AA925} = {DE49CCE6-B41E-493A-ADCC-EA6075DD0038}
		{0C3030BD-BC2B-4222-B331-0AF344930634} = {AF2355A8-C9E7-412F-B7CB-B650653AA925}
		{A27A7138-ED48-48AD-8F34-E5A19D4FBBA3} = {DE49CCE6-B41E-493A-ADCC-EA6075DD0038}
		{1783B816-AC33-42AC-AD9D-4F8A1B44E6AE} = {A27A7138-ED48-48AD-8F34-E5A19D4FBBA3}
		{7D32BAB2-8817-425F-816F-403F1A2E1566} = {DE49CCE6-B41E-493A-ADCC-EA6075DD0038}
		{50FF08B1-264C-40B1-BA12-91A57B3C896D} = {DE49CCE6-B41E-493A-ADCC-EA6075DD0038}
		{2893A93A-E580-4137-8229-BEB5EACA86E8} = {50FF08B1-264C-40B1-BA12-91A57B3C896D}
		{CD68536D-E0DF-44E0-9243-14E9A44DCF07} = {DE49CCE6-B41E-493A-ADCC-EA6075DD0038}
		{404C5BB1-243A-4BB8-8FFF-740A2A5A1F5C} = {DE49CCE6-B41E-493A-ADCC-EA6075DD0038}
		{9876D845-5C04-4B04-84A0-A57148253666} = {5779CF18-7FD7-434D-B47A-1C8A50A3E5A4}
		{F9E8F6FF-B571-4EFB-A06D-2201236D9B07} = {91CD3C81-AA29-47C7-B654-901872880B63}
	EndGlobalSection
	GlobalSection(ExtensibilityGlobals) = postSolution
		SolutionGuid = {4719568B-E10A-4815-AAAA-8C6D6CEE798F}
	EndGlobalSection
EndGlobal
