
Microsoft Visual Studio Solution File, Format Version 12.00
# Visual Studio Version 17
VisualStudioVersion = 17.1.32407.343
MinimumVisualStudioVersion = 10.0.40219.1
Project("{2150E333-8FDC-42A3-9474-1A3956D46DE8}") = "framework", "framework", "{DE49CCE6-B41E-493A-ADCC-EA6075DD0038}"
EndProject
Project("{2150E333-8FDC-42A3-9474-1A3956D46DE8}") = "Infrastructure", "Infrastructure", "{91CD3C81-AA29-47C7-B654-901872880B63}"
EndProject
Project("{2150E333-8FDC-42A3-9474-1A3956D46DE8}") = "test", "test", "{A8B88674-0FB1-4FF0-945E-7A2EF4E66917}"
EndProject
Project("{9A19103F-16F7-4668-BE54-9A1E7A4F7556}") = "Luck.UnitTest", "test\Luck.UnitTest\Luck.UnitTest.csproj", "{475214E2-BBD6-4998-B3D8-DE1077A02230}"
EndProject
Project("{2150E333-8FDC-42A3-9474-1A3956D46DE8}") = "samples", "samples", "{13E5CA19-5655-4C7E-8421-5C6724793CC8}"
EndProject
Project("{9A19103F-16F7-4668-BE54-9A1E7A4F7556}") = "Module.Sample", "sample\Module.Sample\Module.Sample.csproj", "{D927B437-5335-41E3-957A-545F001C9333}"
EndProject
Project("{2150E333-8FDC-42A3-9474-1A3956D46DE8}") = "EntityFrameworkCore", "EntityFrameworkCore", "{0B213774-4D0A-4CF7-9486-B29F3A1EDA23}"
EndProject
Project("{9A19103F-16F7-4668-BE54-9A1E7A4F7556}") = "Luck.Framework", "src\framework\Luck.Framework\Luck.Framework.csproj", "{4691C9DA-7CB4-487A-96A9-9CF3DA3586A6}"
EndProject
Project("{9A19103F-16F7-4668-BE54-9A1E7A4F7556}") = "Luck.TestBase", "src\framework\Luck.TestBase\Luck.TestBase.csproj", "{FDA911F3-B201-4C7F-BD82-FBB7691EE5C9}"
EndProject
Project("{9A19103F-16F7-4668-BE54-9A1E7A4F7556}") = "Luck.EntityFrameworkCore", "src\framework\Luck.EntityFrameworkCore\Luck.EntityFrameworkCore.csproj", "{59803D76-90B4-4290-9F61-0CDF8123ECC2}"
EndProject
Project("{9A19103F-16F7-4668-BE54-9A1E7A4F7556}") = "Luck.DDD.Domain", "src\framework\Luck.DDD.Domain\Luck.DDD.Domain.csproj", "{77ABBB6C-ACB8-4626-B48F-761D69160EEA}"
EndProject
Project("{FAE04EC0-301F-11D3-BF4B-00C04F79EFBC}") = "Luck.Redis.StackExchange", "src\framework\Luck.Redis.StackExchange\Luck.Redis.StackExchange.csproj", "{AE2000C1-A5BE-4804-88DC-26B3BCE71EF5}"
EndProject
Global
	GlobalSection(SolutionConfigurationPlatforms) = preSolution
		Debug|Any CPU = Debug|Any CPU
		Release|Any CPU = Release|Any CPU
	EndGlobalSection
	GlobalSection(ProjectConfigurationPlatforms) = postSolution
		{475214E2-BBD6-4998-B3D8-DE1077A02230}.Debug|Any CPU.ActiveCfg = Debug|Any CPU
		{475214E2-BBD6-4998-B3D8-DE1077A02230}.Debug|Any CPU.Build.0 = Debug|Any CPU
		{475214E2-BBD6-4998-B3D8-DE1077A02230}.Release|Any CPU.ActiveCfg = Release|Any CPU
		{475214E2-BBD6-4998-B3D8-DE1077A02230}.Release|Any CPU.Build.0 = Release|Any CPU
		{D927B437-5335-41E3-957A-545F001C9333}.Debug|Any CPU.ActiveCfg = Debug|Any CPU
		{D927B437-5335-41E3-957A-545F001C9333}.Debug|Any CPU.Build.0 = Debug|Any CPU
		{D927B437-5335-41E3-957A-545F001C9333}.Release|Any CPU.ActiveCfg = Release|Any CPU
		{D927B437-5335-41E3-957A-545F001C9333}.Release|Any CPU.Build.0 = Release|Any CPU
		{4691C9DA-7CB4-487A-96A9-9CF3DA3586A6}.Debug|Any CPU.ActiveCfg = Debug|Any CPU
		{4691C9DA-7CB4-487A-96A9-9CF3DA3586A6}.Debug|Any CPU.Build.0 = Debug|Any CPU
		{4691C9DA-7CB4-487A-96A9-9CF3DA3586A6}.Release|Any CPU.ActiveCfg = Release|Any CPU
		{4691C9DA-7CB4-487A-96A9-9CF3DA3586A6}.Release|Any CPU.Build.0 = Release|Any CPU
		{FDA911F3-B201-4C7F-BD82-FBB7691EE5C9}.Debug|Any CPU.ActiveCfg = Debug|Any CPU
		{FDA911F3-B201-4C7F-BD82-FBB7691EE5C9}.Debug|Any CPU.Build.0 = Debug|Any CPU
		{FDA911F3-B201-4C7F-BD82-FBB7691EE5C9}.Release|Any CPU.ActiveCfg = Release|Any CPU
		{FDA911F3-B201-4C7F-BD82-FBB7691EE5C9}.Release|Any CPU.Build.0 = Release|Any CPU
		{59803D76-90B4-4290-9F61-0CDF8123ECC2}.Debug|Any CPU.ActiveCfg = Debug|Any CPU
		{59803D76-90B4-4290-9F61-0CDF8123ECC2}.Debug|Any CPU.Build.0 = Debug|Any CPU
		{59803D76-90B4-4290-9F61-0CDF8123ECC2}.Release|Any CPU.ActiveCfg = Release|Any CPU
		{59803D76-90B4-4290-9F61-0CDF8123ECC2}.Release|Any CPU.Build.0 = Release|Any CPU
		{77ABBB6C-ACB8-4626-B48F-761D69160EEA}.Debug|Any CPU.ActiveCfg = Debug|Any CPU
		{77ABBB6C-ACB8-4626-B48F-761D69160EEA}.Debug|Any CPU.Build.0 = Debug|Any CPU
		{77ABBB6C-ACB8-4626-B48F-761D69160EEA}.Release|Any CPU.ActiveCfg = Release|Any CPU
		{77ABBB6C-ACB8-4626-B48F-761D69160EEA}.Release|Any CPU.Build.0 = Release|Any CPU
		{AE2000C1-A5BE-4804-88DC-26B3BCE71EF5}.Debug|Any CPU.ActiveCfg = Debug|Any CPU
		{AE2000C1-A5BE-4804-88DC-26B3BCE71EF5}.Debug|Any CPU.Build.0 = Debug|Any CPU
		{AE2000C1-A5BE-4804-88DC-26B3BCE71EF5}.Release|Any CPU.ActiveCfg = Release|Any CPU
		{AE2000C1-A5BE-4804-88DC-26B3BCE71EF5}.Release|Any CPU.Build.0 = Release|Any CPU
	EndGlobalSection
	GlobalSection(SolutionProperties) = preSolution
		HideSolutionNode = FALSE
	EndGlobalSection
	GlobalSection(NestedProjects) = preSolution
		{91CD3C81-AA29-47C7-B654-901872880B63} = {DE49CCE6-B41E-493A-ADCC-EA6075DD0038}
		{475214E2-BBD6-4998-B3D8-DE1077A02230} = {A8B88674-0FB1-4FF0-945E-7A2EF4E66917}
		{D927B437-5335-41E3-957A-545F001C9333} = {13E5CA19-5655-4C7E-8421-5C6724793CC8}
		{0B213774-4D0A-4CF7-9486-B29F3A1EDA23} = {DE49CCE6-B41E-493A-ADCC-EA6075DD0038}
		{4691C9DA-7CB4-487A-96A9-9CF3DA3586A6} = {DE49CCE6-B41E-493A-ADCC-EA6075DD0038}
		{FDA911F3-B201-4C7F-BD82-FBB7691EE5C9} = {91CD3C81-AA29-47C7-B654-901872880B63}
		{59803D76-90B4-4290-9F61-0CDF8123ECC2} = {0B213774-4D0A-4CF7-9486-B29F3A1EDA23}
		{77ABBB6C-ACB8-4626-B48F-761D69160EEA} = {DE49CCE6-B41E-493A-ADCC-EA6075DD0038}
		{AE2000C1-A5BE-4804-88DC-26B3BCE71EF5} = {91CD3C81-AA29-47C7-B654-901872880B63}
	EndGlobalSection
	GlobalSection(ExtensibilityGlobals) = postSolution
		SolutionGuid = {4719568B-E10A-4815-AAAA-8C6D6CEE798F}
	EndGlobalSection
EndGlobal
